
Microsoft Visual Studio Solution File, Format Version 12.00
# Visual Studio Version 17
VisualStudioVersion = 17.13.35828.75 d17.13
MinimumVisualStudioVersion = 10.0.40219.1
Project("{FAE04EC0-301F-11D3-BF4B-00C04F79EFBC}") = "Target Teste", "Target Teste.csproj", "{EB94DB0C-E983-4F1E-B2DB-5689BCEE8468}"
EndProject
Global
	GlobalSection(SolutionConfigurationPlatforms) = preSolution
		Debug|Any CPU = Debug|Any CPU
		Release|Any CPU = Release|Any CPU
	EndGlobalSection
	GlobalSection(ProjectConfigurationPlatforms) = postSolution
		{EB94DB0C-E983-4F1E-B2DB-5689BCEE8468}.Debug|Any CPU.ActiveCfg = Debug|Any CPU
		{EB94DB0C-E983-4F1E-B2DB-5689BCEE8468}.Debug|Any CPU.Build.0 = Debug|Any CPU
		{EB94DB0C-E983-4F1E-B2DB-5689BCEE8468}.Release|Any CPU.ActiveCfg = Release|Any CPU
		{EB94DB0C-E983-4F1E-B2DB-5689BCEE8468}.Release|Any CPU.Build.0 = Release|Any CPU
	EndGlobalSection
	GlobalSection(SolutionProperties) = preSolution
		HideSolutionNode = FALSE
	EndGlobalSection
	GlobalSection(ExtensibilityGlobals) = postSolution
		SolutionGuid = {45ECBB7F-82B0-475F-90EE-453DE1AAECAD}
	EndGlobalSection
EndGlobal
